
Microsoft Visual Studio Solution File, Format Version 12.00
# Visual Studio 14
VisualStudioVersion = 14.0.24720.0
MinimumVisualStudioVersion = 10.0.40219.1
Project("{FAE04EC0-301F-11D3-BF4B-00C04F79EFBC}") = "ApiPoc.Droid", "ApiPoc\ApiPoc.Droid\ApiPoc.Droid.csproj", "{B845FB3C-7ED4-4F9A-A982-5024410B23CD}"
EndProject
Project("{FAE04EC0-301F-11D3-BF4B-00C04F79EFBC}") = "ApiPoc.iOS", "ApiPoc\ApiPoc.iOS\ApiPoc.iOS.csproj", "{C96DC89D-278B-4D9C-9D94-6067CD158BFE}"
EndProject
Project("{FAE04EC0-301F-11D3-BF4B-00C04F79EFBC}") = "ApiPoc", "ApiPoc\ApiPoc\ApiPoc.csproj", "{5F57C7CA-694E-4A92-94C2-EB6BA556C7C7}"
EndProject
Project("{FAE04EC0-301F-11D3-BF4B-00C04F79EFBC}") = "ApiTests", "ApiTests\ApiTests.csproj", "{DF94A61E-F773-439B-86D9-CC403FC5E1A2}"
EndProject
Project("{FAE04EC0-301F-11D3-BF4B-00C04F79EFBC}") = "MyApi", "MyApi\MyApi.csproj", "{35D76B41-D52E-4CC6-9D94-03E0FBED3531}"
EndProject
Project("{D954291E-2A0B-460D-934E-DC6B0785DB48}") = "ApiPoc.Shared", "ApiPoc.Shared\ApiPoc.Shared.shproj", "{F31C0CC0-011C-4BDB-993D-09BDBB652E46}"
EndProject
Project("{2150E333-8FDC-42A3-9474-1A3956D46DE8}") = "Native", "Native", "{E38DC4DE-549C-4DDD-A7CD-2D1041E8F4A1}"
EndProject
Project("{2150E333-8FDC-42A3-9474-1A3956D46DE8}") = "Tests", "Tests", "{CB513A86-1BCF-4AEE-83CA-EE14B8780A42}"
EndProject
Project("{2150E333-8FDC-42A3-9474-1A3956D46DE8}") = "Forms", "Forms", "{8F6B4D69-D6CE-403C-9F61-EF936A3E9535}"
EndProject
Project("{2150E333-8FDC-42A3-9474-1A3956D46DE8}") = "Api", "Api", "{6C54A361-CACE-498B-96EC-322C38721DEA}"
EndProject
Project("{FAE04EC0-301F-11D3-BF4B-00C04F79EFBC}") = "MyApi.Domain", "MyApi.Domain\MyApi.Domain.csproj", "{67F9D3A8-F71E-4428-913F-C37AE82CDB24}"
EndProject
Project("{FAE04EC0-301F-11D3-BF4B-00C04F79EFBC}") = "ApiServer", "ApiServer\ApiServer.csproj", "{36EBDDC3-0977-4232-9689-AC6D89AAC402}"
EndProject
Project("{FAE04EC0-301F-11D3-BF4B-00C04F79EFBC}") = "ApiServer.Tests", "ApiServer.Tests\ApiServer.Tests.csproj", "{37F82430-4153-44F8-A90B-51E370DDDDC5}"
EndProject
Project("{2150E333-8FDC-42A3-9474-1A3956D46DE8}") = "Server", "Server", "{ED6BD8AE-0203-43E6-91D1-99B370B68741}"
EndProject
Project("{2150E333-8FDC-42A3-9474-1A3956D46DE8}") = "PublishScripts", "PublishScripts", "{47556C0F-C741-4A88-8185-345C673068E2}"
EndProject
Project("{2150E333-8FDC-42A3-9474-1A3956D46DE8}") = "Scripts", "Scripts", "{F1462334-8EF1-4481-8662-F715879A0AEA}"
	ProjectSection(SolutionItems) = preProject
		PublishScripts\Scripts\Deploy-AzureResourceGroup.ps1 = PublishScripts\Scripts\Deploy-AzureResourceGroup.ps1
	EndProjectSection
EndProject
Project("{2150E333-8FDC-42A3-9474-1A3956D46DE8}") = "Templates", "Templates", "{A58ED6D8-A819-4543-AE01-188A982D8D34}"
	ProjectSection(SolutionItems) = preProject
		PublishScripts\Templates\ApiServer.json = PublishScripts\Templates\ApiServer.json
		PublishScripts\Templates\ApiServer.param.dev.json = PublishScripts\Templates\ApiServer.param.dev.json
	EndProjectSection
EndProject
Global
	GlobalSection(SharedMSBuildProjectFiles) = preSolution
		ApiPoc.Shared\ApiPoc.Shared.projitems*{c96dc89d-278b-4d9c-9d94-6067cd158bfe}*SharedItemsImports = 4
		ApiPoc.Shared\ApiPoc.Shared.projitems*{b845fb3c-7ed4-4f9a-a982-5024410b23cd}*SharedItemsImports = 4
		ApiPoc.Shared\ApiPoc.Shared.projitems*{f31c0cc0-011c-4bdb-993d-09bdbb652e46}*SharedItemsImports = 13
	EndGlobalSection
	GlobalSection(SolutionConfigurationPlatforms) = preSolution
		Ad-Hoc|Any CPU = Ad-Hoc|Any CPU
		Ad-Hoc|iPhone = Ad-Hoc|iPhone
		Ad-Hoc|iPhoneSimulator = Ad-Hoc|iPhoneSimulator
		Ad-Hoc|Mixed Platforms = Ad-Hoc|Mixed Platforms
		AppStore|Any CPU = AppStore|Any CPU
		AppStore|iPhone = AppStore|iPhone
		AppStore|iPhoneSimulator = AppStore|iPhoneSimulator
		AppStore|Mixed Platforms = AppStore|Mixed Platforms
		Debug|Any CPU = Debug|Any CPU
		Debug|iPhone = Debug|iPhone
		Debug|iPhoneSimulator = Debug|iPhoneSimulator
		Debug|Mixed Platforms = Debug|Mixed Platforms
		Release|Any CPU = Release|Any CPU
		Release|iPhone = Release|iPhone
		Release|iPhoneSimulator = Release|iPhoneSimulator
		Release|Mixed Platforms = Release|Mixed Platforms
	EndGlobalSection
	GlobalSection(ProjectConfigurationPlatforms) = postSolution
		{B845FB3C-7ED4-4F9A-A982-5024410B23CD}.Ad-Hoc|Any CPU.ActiveCfg = Release|Any CPU
		{B845FB3C-7ED4-4F9A-A982-5024410B23CD}.Ad-Hoc|Any CPU.Build.0 = Release|Any CPU
		{B845FB3C-7ED4-4F9A-A982-5024410B23CD}.Ad-Hoc|Any CPU.Deploy.0 = Release|Any CPU
		{B845FB3C-7ED4-4F9A-A982-5024410B23CD}.Ad-Hoc|iPhone.ActiveCfg = Release|Any CPU
		{B845FB3C-7ED4-4F9A-A982-5024410B23CD}.Ad-Hoc|iPhone.Build.0 = Release|Any CPU
		{B845FB3C-7ED4-4F9A-A982-5024410B23CD}.Ad-Hoc|iPhone.Deploy.0 = Release|Any CPU
		{B845FB3C-7ED4-4F9A-A982-5024410B23CD}.Ad-Hoc|iPhoneSimulator.ActiveCfg = Release|Any CPU
		{B845FB3C-7ED4-4F9A-A982-5024410B23CD}.Ad-Hoc|iPhoneSimulator.Build.0 = Release|Any CPU
		{B845FB3C-7ED4-4F9A-A982-5024410B23CD}.Ad-Hoc|iPhoneSimulator.Deploy.0 = Release|Any CPU
		{B845FB3C-7ED4-4F9A-A982-5024410B23CD}.Ad-Hoc|Mixed Platforms.ActiveCfg = Debug|Any CPU
		{B845FB3C-7ED4-4F9A-A982-5024410B23CD}.Ad-Hoc|Mixed Platforms.Build.0 = Debug|Any CPU
		{B845FB3C-7ED4-4F9A-A982-5024410B23CD}.Ad-Hoc|Mixed Platforms.Deploy.0 = Debug|Any CPU
		{B845FB3C-7ED4-4F9A-A982-5024410B23CD}.AppStore|Any CPU.ActiveCfg = Release|Any CPU
		{B845FB3C-7ED4-4F9A-A982-5024410B23CD}.AppStore|Any CPU.Build.0 = Release|Any CPU
		{B845FB3C-7ED4-4F9A-A982-5024410B23CD}.AppStore|Any CPU.Deploy.0 = Release|Any CPU
		{B845FB3C-7ED4-4F9A-A982-5024410B23CD}.AppStore|iPhone.ActiveCfg = Release|Any CPU
		{B845FB3C-7ED4-4F9A-A982-5024410B23CD}.AppStore|iPhone.Build.0 = Release|Any CPU
		{B845FB3C-7ED4-4F9A-A982-5024410B23CD}.AppStore|iPhone.Deploy.0 = Release|Any CPU
		{B845FB3C-7ED4-4F9A-A982-5024410B23CD}.AppStore|iPhoneSimulator.ActiveCfg = Release|Any CPU
		{B845FB3C-7ED4-4F9A-A982-5024410B23CD}.AppStore|iPhoneSimulator.Build.0 = Release|Any CPU
		{B845FB3C-7ED4-4F9A-A982-5024410B23CD}.AppStore|iPhoneSimulator.Deploy.0 = Release|Any CPU
		{B845FB3C-7ED4-4F9A-A982-5024410B23CD}.AppStore|Mixed Platforms.ActiveCfg = Debug|Any CPU
		{B845FB3C-7ED4-4F9A-A982-5024410B23CD}.AppStore|Mixed Platforms.Build.0 = Debug|Any CPU
		{B845FB3C-7ED4-4F9A-A982-5024410B23CD}.AppStore|Mixed Platforms.Deploy.0 = Debug|Any CPU
		{B845FB3C-7ED4-4F9A-A982-5024410B23CD}.Debug|Any CPU.ActiveCfg = Debug|Any CPU
		{B845FB3C-7ED4-4F9A-A982-5024410B23CD}.Debug|Any CPU.Build.0 = Debug|Any CPU
		{B845FB3C-7ED4-4F9A-A982-5024410B23CD}.Debug|Any CPU.Deploy.0 = Debug|Any CPU
		{B845FB3C-7ED4-4F9A-A982-5024410B23CD}.Debug|iPhone.ActiveCfg = Debug|Any CPU
		{B845FB3C-7ED4-4F9A-A982-5024410B23CD}.Debug|iPhone.Build.0 = Debug|Any CPU
		{B845FB3C-7ED4-4F9A-A982-5024410B23CD}.Debug|iPhone.Deploy.0 = Debug|Any CPU
		{B845FB3C-7ED4-4F9A-A982-5024410B23CD}.Debug|iPhoneSimulator.ActiveCfg = Debug|Any CPU
		{B845FB3C-7ED4-4F9A-A982-5024410B23CD}.Debug|iPhoneSimulator.Build.0 = Debug|Any CPU
		{B845FB3C-7ED4-4F9A-A982-5024410B23CD}.Debug|iPhoneSimulator.Deploy.0 = Debug|Any CPU
		{B845FB3C-7ED4-4F9A-A982-5024410B23CD}.Debug|Mixed Platforms.ActiveCfg = Debug|Any CPU
		{B845FB3C-7ED4-4F9A-A982-5024410B23CD}.Debug|Mixed Platforms.Build.0 = Debug|Any CPU
		{B845FB3C-7ED4-4F9A-A982-5024410B23CD}.Debug|Mixed Platforms.Deploy.0 = Debug|Any CPU
		{B845FB3C-7ED4-4F9A-A982-5024410B23CD}.Release|Any CPU.ActiveCfg = Release|Any CPU
		{B845FB3C-7ED4-4F9A-A982-5024410B23CD}.Release|Any CPU.Build.0 = Release|Any CPU
		{B845FB3C-7ED4-4F9A-A982-5024410B23CD}.Release|Any CPU.Deploy.0 = Release|Any CPU
		{B845FB3C-7ED4-4F9A-A982-5024410B23CD}.Release|iPhone.ActiveCfg = Release|Any CPU
		{B845FB3C-7ED4-4F9A-A982-5024410B23CD}.Release|iPhone.Build.0 = Release|Any CPU
		{B845FB3C-7ED4-4F9A-A982-5024410B23CD}.Release|iPhone.Deploy.0 = Release|Any CPU
		{B845FB3C-7ED4-4F9A-A982-5024410B23CD}.Release|iPhoneSimulator.ActiveCfg = Release|Any CPU
		{B845FB3C-7ED4-4F9A-A982-5024410B23CD}.Release|iPhoneSimulator.Build.0 = Release|Any CPU
		{B845FB3C-7ED4-4F9A-A982-5024410B23CD}.Release|iPhoneSimulator.Deploy.0 = Release|Any CPU
		{B845FB3C-7ED4-4F9A-A982-5024410B23CD}.Release|Mixed Platforms.ActiveCfg = Release|Any CPU
		{B845FB3C-7ED4-4F9A-A982-5024410B23CD}.Release|Mixed Platforms.Build.0 = Release|Any CPU
		{B845FB3C-7ED4-4F9A-A982-5024410B23CD}.Release|Mixed Platforms.Deploy.0 = Release|Any CPU
		{C96DC89D-278B-4D9C-9D94-6067CD158BFE}.Ad-Hoc|Any CPU.ActiveCfg = Ad-Hoc|iPhone
		{C96DC89D-278B-4D9C-9D94-6067CD158BFE}.Ad-Hoc|iPhone.ActiveCfg = Ad-Hoc|iPhone
		{C96DC89D-278B-4D9C-9D94-6067CD158BFE}.Ad-Hoc|iPhone.Build.0 = Ad-Hoc|iPhone
		{C96DC89D-278B-4D9C-9D94-6067CD158BFE}.Ad-Hoc|iPhoneSimulator.ActiveCfg = Ad-Hoc|iPhoneSimulator
		{C96DC89D-278B-4D9C-9D94-6067CD158BFE}.Ad-Hoc|iPhoneSimulator.Build.0 = Ad-Hoc|iPhoneSimulator
		{C96DC89D-278B-4D9C-9D94-6067CD158BFE}.Ad-Hoc|Mixed Platforms.ActiveCfg = Ad-Hoc|iPhoneSimulator
		{C96DC89D-278B-4D9C-9D94-6067CD158BFE}.Ad-Hoc|Mixed Platforms.Build.0 = Ad-Hoc|iPhoneSimulator
		{C96DC89D-278B-4D9C-9D94-6067CD158BFE}.AppStore|Any CPU.ActiveCfg = AppStore|iPhone
		{C96DC89D-278B-4D9C-9D94-6067CD158BFE}.AppStore|iPhone.ActiveCfg = AppStore|iPhone
		{C96DC89D-278B-4D9C-9D94-6067CD158BFE}.AppStore|iPhone.Build.0 = AppStore|iPhone
		{C96DC89D-278B-4D9C-9D94-6067CD158BFE}.AppStore|iPhoneSimulator.ActiveCfg = AppStore|iPhoneSimulator
		{C96DC89D-278B-4D9C-9D94-6067CD158BFE}.AppStore|iPhoneSimulator.Build.0 = AppStore|iPhoneSimulator
		{C96DC89D-278B-4D9C-9D94-6067CD158BFE}.AppStore|Mixed Platforms.ActiveCfg = AppStore|iPhoneSimulator
		{C96DC89D-278B-4D9C-9D94-6067CD158BFE}.AppStore|Mixed Platforms.Build.0 = AppStore|iPhoneSimulator
		{C96DC89D-278B-4D9C-9D94-6067CD158BFE}.Debug|Any CPU.ActiveCfg = Debug|iPhone
		{C96DC89D-278B-4D9C-9D94-6067CD158BFE}.Debug|iPhone.ActiveCfg = Debug|iPhone
		{C96DC89D-278B-4D9C-9D94-6067CD158BFE}.Debug|iPhone.Build.0 = Debug|iPhone
		{C96DC89D-278B-4D9C-9D94-6067CD158BFE}.Debug|iPhoneSimulator.ActiveCfg = Debug|iPhoneSimulator
		{C96DC89D-278B-4D9C-9D94-6067CD158BFE}.Debug|iPhoneSimulator.Build.0 = Debug|iPhoneSimulator
		{C96DC89D-278B-4D9C-9D94-6067CD158BFE}.Debug|Mixed Platforms.ActiveCfg = Debug|iPhoneSimulator
		{C96DC89D-278B-4D9C-9D94-6067CD158BFE}.Debug|Mixed Platforms.Build.0 = Debug|iPhoneSimulator
		{C96DC89D-278B-4D9C-9D94-6067CD158BFE}.Release|Any CPU.ActiveCfg = Release|iPhone
		{C96DC89D-278B-4D9C-9D94-6067CD158BFE}.Release|iPhone.ActiveCfg = Release|iPhone
		{C96DC89D-278B-4D9C-9D94-6067CD158BFE}.Release|iPhone.Build.0 = Release|iPhone
		{C96DC89D-278B-4D9C-9D94-6067CD158BFE}.Release|iPhoneSimulator.ActiveCfg = Release|iPhoneSimulator
		{C96DC89D-278B-4D9C-9D94-6067CD158BFE}.Release|iPhoneSimulator.Build.0 = Release|iPhoneSimulator
		{C96DC89D-278B-4D9C-9D94-6067CD158BFE}.Release|Mixed Platforms.ActiveCfg = Release|iPhoneSimulator
		{C96DC89D-278B-4D9C-9D94-6067CD158BFE}.Release|Mixed Platforms.Build.0 = Release|iPhoneSimulator
		{5F57C7CA-694E-4A92-94C2-EB6BA556C7C7}.Ad-Hoc|Any CPU.ActiveCfg = Release|Any CPU
		{5F57C7CA-694E-4A92-94C2-EB6BA556C7C7}.Ad-Hoc|Any CPU.Build.0 = Release|Any CPU
		{5F57C7CA-694E-4A92-94C2-EB6BA556C7C7}.Ad-Hoc|iPhone.ActiveCfg = Release|Any CPU
		{5F57C7CA-694E-4A92-94C2-EB6BA556C7C7}.Ad-Hoc|iPhone.Build.0 = Release|Any CPU
		{5F57C7CA-694E-4A92-94C2-EB6BA556C7C7}.Ad-Hoc|iPhoneSimulator.ActiveCfg = Release|Any CPU
		{5F57C7CA-694E-4A92-94C2-EB6BA556C7C7}.Ad-Hoc|iPhoneSimulator.Build.0 = Release|Any CPU
		{5F57C7CA-694E-4A92-94C2-EB6BA556C7C7}.Ad-Hoc|Mixed Platforms.ActiveCfg = Debug|Any CPU
		{5F57C7CA-694E-4A92-94C2-EB6BA556C7C7}.Ad-Hoc|Mixed Platforms.Build.0 = Debug|Any CPU
		{5F57C7CA-694E-4A92-94C2-EB6BA556C7C7}.AppStore|Any CPU.ActiveCfg = Release|Any CPU
		{5F57C7CA-694E-4A92-94C2-EB6BA556C7C7}.AppStore|Any CPU.Build.0 = Release|Any CPU
		{5F57C7CA-694E-4A92-94C2-EB6BA556C7C7}.AppStore|iPhone.ActiveCfg = Release|Any CPU
		{5F57C7CA-694E-4A92-94C2-EB6BA556C7C7}.AppStore|iPhone.Build.0 = Release|Any CPU
		{5F57C7CA-694E-4A92-94C2-EB6BA556C7C7}.AppStore|iPhoneSimulator.ActiveCfg = Release|Any CPU
		{5F57C7CA-694E-4A92-94C2-EB6BA556C7C7}.AppStore|iPhoneSimulator.Build.0 = Release|Any CPU
		{5F57C7CA-694E-4A92-94C2-EB6BA556C7C7}.AppStore|Mixed Platforms.ActiveCfg = Debug|Any CPU
		{5F57C7CA-694E-4A92-94C2-EB6BA556C7C7}.AppStore|Mixed Platforms.Build.0 = Debug|Any CPU
		{5F57C7CA-694E-4A92-94C2-EB6BA556C7C7}.Debug|Any CPU.ActiveCfg = Debug|Any CPU
		{5F57C7CA-694E-4A92-94C2-EB6BA556C7C7}.Debug|Any CPU.Build.0 = Debug|Any CPU
		{5F57C7CA-694E-4A92-94C2-EB6BA556C7C7}.Debug|iPhone.ActiveCfg = Debug|Any CPU
		{5F57C7CA-694E-4A92-94C2-EB6BA556C7C7}.Debug|iPhone.Build.0 = Debug|Any CPU
		{5F57C7CA-694E-4A92-94C2-EB6BA556C7C7}.Debug|iPhoneSimulator.ActiveCfg = Debug|Any CPU
		{5F57C7CA-694E-4A92-94C2-EB6BA556C7C7}.Debug|iPhoneSimulator.Build.0 = Debug|Any CPU
		{5F57C7CA-694E-4A92-94C2-EB6BA556C7C7}.Debug|Mixed Platforms.ActiveCfg = Debug|Any CPU
		{5F57C7CA-694E-4A92-94C2-EB6BA556C7C7}.Debug|Mixed Platforms.Build.0 = Debug|Any CPU
		{5F57C7CA-694E-4A92-94C2-EB6BA556C7C7}.Release|Any CPU.ActiveCfg = Release|Any CPU
		{5F57C7CA-694E-4A92-94C2-EB6BA556C7C7}.Release|Any CPU.Build.0 = Release|Any CPU
		{5F57C7CA-694E-4A92-94C2-EB6BA556C7C7}.Release|iPhone.ActiveCfg = Release|Any CPU
		{5F57C7CA-694E-4A92-94C2-EB6BA556C7C7}.Release|iPhone.Build.0 = Release|Any CPU
		{5F57C7CA-694E-4A92-94C2-EB6BA556C7C7}.Release|iPhoneSimulator.ActiveCfg = Release|Any CPU
		{5F57C7CA-694E-4A92-94C2-EB6BA556C7C7}.Release|iPhoneSimulator.Build.0 = Release|Any CPU
		{5F57C7CA-694E-4A92-94C2-EB6BA556C7C7}.Release|Mixed Platforms.ActiveCfg = Release|Any CPU
		{5F57C7CA-694E-4A92-94C2-EB6BA556C7C7}.Release|Mixed Platforms.Build.0 = Release|Any CPU
		{DF94A61E-F773-439B-86D9-CC403FC5E1A2}.Ad-Hoc|Any CPU.ActiveCfg = Release|Any CPU
		{DF94A61E-F773-439B-86D9-CC403FC5E1A2}.Ad-Hoc|Any CPU.Build.0 = Release|Any CPU
		{DF94A61E-F773-439B-86D9-CC403FC5E1A2}.Ad-Hoc|iPhone.ActiveCfg = Release|Any CPU
		{DF94A61E-F773-439B-86D9-CC403FC5E1A2}.Ad-Hoc|iPhone.Build.0 = Release|Any CPU
		{DF94A61E-F773-439B-86D9-CC403FC5E1A2}.Ad-Hoc|iPhoneSimulator.ActiveCfg = Release|Any CPU
		{DF94A61E-F773-439B-86D9-CC403FC5E1A2}.Ad-Hoc|iPhoneSimulator.Build.0 = Release|Any CPU
		{DF94A61E-F773-439B-86D9-CC403FC5E1A2}.Ad-Hoc|Mixed Platforms.ActiveCfg = Debug|Any CPU
		{DF94A61E-F773-439B-86D9-CC403FC5E1A2}.Ad-Hoc|Mixed Platforms.Build.0 = Debug|Any CPU
		{DF94A61E-F773-439B-86D9-CC403FC5E1A2}.AppStore|Any CPU.ActiveCfg = Release|Any CPU
		{DF94A61E-F773-439B-86D9-CC403FC5E1A2}.AppStore|Any CPU.Build.0 = Release|Any CPU
		{DF94A61E-F773-439B-86D9-CC403FC5E1A2}.AppStore|iPhone.ActiveCfg = Release|Any CPU
		{DF94A61E-F773-439B-86D9-CC403FC5E1A2}.AppStore|iPhone.Build.0 = Release|Any CPU
		{DF94A61E-F773-439B-86D9-CC403FC5E1A2}.AppStore|iPhoneSimulator.ActiveCfg = Release|Any CPU
		{DF94A61E-F773-439B-86D9-CC403FC5E1A2}.AppStore|iPhoneSimulator.Build.0 = Release|Any CPU
		{DF94A61E-F773-439B-86D9-CC403FC5E1A2}.AppStore|Mixed Platforms.ActiveCfg = Debug|Any CPU
		{DF94A61E-F773-439B-86D9-CC403FC5E1A2}.AppStore|Mixed Platforms.Build.0 = Debug|Any CPU
		{DF94A61E-F773-439B-86D9-CC403FC5E1A2}.Debug|Any CPU.ActiveCfg = Debug|Any CPU
		{DF94A61E-F773-439B-86D9-CC403FC5E1A2}.Debug|Any CPU.Build.0 = Debug|Any CPU
		{DF94A61E-F773-439B-86D9-CC403FC5E1A2}.Debug|iPhone.ActiveCfg = Debug|Any CPU
		{DF94A61E-F773-439B-86D9-CC403FC5E1A2}.Debug|iPhone.Build.0 = Debug|Any CPU
		{DF94A61E-F773-439B-86D9-CC403FC5E1A2}.Debug|iPhoneSimulator.ActiveCfg = Debug|Any CPU
		{DF94A61E-F773-439B-86D9-CC403FC5E1A2}.Debug|iPhoneSimulator.Build.0 = Debug|Any CPU
		{DF94A61E-F773-439B-86D9-CC403FC5E1A2}.Debug|Mixed Platforms.ActiveCfg = Debug|Any CPU
		{DF94A61E-F773-439B-86D9-CC403FC5E1A2}.Debug|Mixed Platforms.Build.0 = Debug|Any CPU
		{DF94A61E-F773-439B-86D9-CC403FC5E1A2}.Release|Any CPU.ActiveCfg = Release|Any CPU
		{DF94A61E-F773-439B-86D9-CC403FC5E1A2}.Release|Any CPU.Build.0 = Release|Any CPU
		{DF94A61E-F773-439B-86D9-CC403FC5E1A2}.Release|iPhone.ActiveCfg = Release|Any CPU
		{DF94A61E-F773-439B-86D9-CC403FC5E1A2}.Release|iPhone.Build.0 = Release|Any CPU
		{DF94A61E-F773-439B-86D9-CC403FC5E1A2}.Release|iPhoneSimulator.ActiveCfg = Release|Any CPU
		{DF94A61E-F773-439B-86D9-CC403FC5E1A2}.Release|iPhoneSimulator.Build.0 = Release|Any CPU
		{DF94A61E-F773-439B-86D9-CC403FC5E1A2}.Release|Mixed Platforms.ActiveCfg = Release|Any CPU
		{DF94A61E-F773-439B-86D9-CC403FC5E1A2}.Release|Mixed Platforms.Build.0 = Release|Any CPU
		{35D76B41-D52E-4CC6-9D94-03E0FBED3531}.Ad-Hoc|Any CPU.ActiveCfg = Release|Any CPU
		{35D76B41-D52E-4CC6-9D94-03E0FBED3531}.Ad-Hoc|Any CPU.Build.0 = Release|Any CPU
		{35D76B41-D52E-4CC6-9D94-03E0FBED3531}.Ad-Hoc|iPhone.ActiveCfg = Release|Any CPU
		{35D76B41-D52E-4CC6-9D94-03E0FBED3531}.Ad-Hoc|iPhone.Build.0 = Release|Any CPU
		{35D76B41-D52E-4CC6-9D94-03E0FBED3531}.Ad-Hoc|iPhoneSimulator.ActiveCfg = Release|Any CPU
		{35D76B41-D52E-4CC6-9D94-03E0FBED3531}.Ad-Hoc|iPhoneSimulator.Build.0 = Release|Any CPU
		{35D76B41-D52E-4CC6-9D94-03E0FBED3531}.Ad-Hoc|Mixed Platforms.ActiveCfg = Debug|Any CPU
		{35D76B41-D52E-4CC6-9D94-03E0FBED3531}.Ad-Hoc|Mixed Platforms.Build.0 = Debug|Any CPU
		{35D76B41-D52E-4CC6-9D94-03E0FBED3531}.AppStore|Any CPU.ActiveCfg = Release|Any CPU
		{35D76B41-D52E-4CC6-9D94-03E0FBED3531}.AppStore|Any CPU.Build.0 = Release|Any CPU
		{35D76B41-D52E-4CC6-9D94-03E0FBED3531}.AppStore|iPhone.ActiveCfg = Release|Any CPU
		{35D76B41-D52E-4CC6-9D94-03E0FBED3531}.AppStore|iPhone.Build.0 = Release|Any CPU
		{35D76B41-D52E-4CC6-9D94-03E0FBED3531}.AppStore|iPhoneSimulator.ActiveCfg = Release|Any CPU
		{35D76B41-D52E-4CC6-9D94-03E0FBED3531}.AppStore|iPhoneSimulator.Build.0 = Release|Any CPU
		{35D76B41-D52E-4CC6-9D94-03E0FBED3531}.AppStore|Mixed Platforms.ActiveCfg = Debug|Any CPU
		{35D76B41-D52E-4CC6-9D94-03E0FBED3531}.AppStore|Mixed Platforms.Build.0 = Debug|Any CPU
		{35D76B41-D52E-4CC6-9D94-03E0FBED3531}.Debug|Any CPU.ActiveCfg = Debug|Any CPU
		{35D76B41-D52E-4CC6-9D94-03E0FBED3531}.Debug|Any CPU.Build.0 = Debug|Any CPU
		{35D76B41-D52E-4CC6-9D94-03E0FBED3531}.Debug|iPhone.ActiveCfg = Debug|Any CPU
		{35D76B41-D52E-4CC6-9D94-03E0FBED3531}.Debug|iPhone.Build.0 = Debug|Any CPU
		{35D76B41-D52E-4CC6-9D94-03E0FBED3531}.Debug|iPhoneSimulator.ActiveCfg = Debug|Any CPU
		{35D76B41-D52E-4CC6-9D94-03E0FBED3531}.Debug|iPhoneSimulator.Build.0 = Debug|Any CPU
		{35D76B41-D52E-4CC6-9D94-03E0FBED3531}.Debug|Mixed Platforms.ActiveCfg = Debug|Any CPU
		{35D76B41-D52E-4CC6-9D94-03E0FBED3531}.Debug|Mixed Platforms.Build.0 = Debug|Any CPU
		{35D76B41-D52E-4CC6-9D94-03E0FBED3531}.Release|Any CPU.ActiveCfg = Release|Any CPU
		{35D76B41-D52E-4CC6-9D94-03E0FBED3531}.Release|Any CPU.Build.0 = Release|Any CPU
		{35D76B41-D52E-4CC6-9D94-03E0FBED3531}.Release|iPhone.ActiveCfg = Release|Any CPU
		{35D76B41-D52E-4CC6-9D94-03E0FBED3531}.Release|iPhone.Build.0 = Release|Any CPU
		{35D76B41-D52E-4CC6-9D94-03E0FBED3531}.Release|iPhoneSimulator.ActiveCfg = Release|Any CPU
		{35D76B41-D52E-4CC6-9D94-03E0FBED3531}.Release|iPhoneSimulator.Build.0 = Release|Any CPU
		{35D76B41-D52E-4CC6-9D94-03E0FBED3531}.Release|Mixed Platforms.ActiveCfg = Release|Any CPU
		{35D76B41-D52E-4CC6-9D94-03E0FBED3531}.Release|Mixed Platforms.Build.0 = Release|Any CPU
		{67F9D3A8-F71E-4428-913F-C37AE82CDB24}.Ad-Hoc|Any CPU.ActiveCfg = Release|Any CPU
		{67F9D3A8-F71E-4428-913F-C37AE82CDB24}.Ad-Hoc|Any CPU.Build.0 = Release|Any CPU
		{67F9D3A8-F71E-4428-913F-C37AE82CDB24}.Ad-Hoc|iPhone.ActiveCfg = Release|Any CPU
		{67F9D3A8-F71E-4428-913F-C37AE82CDB24}.Ad-Hoc|iPhoneSimulator.ActiveCfg = Release|Any CPU
		{67F9D3A8-F71E-4428-913F-C37AE82CDB24}.Ad-Hoc|Mixed Platforms.ActiveCfg = Release|Any CPU
		{67F9D3A8-F71E-4428-913F-C37AE82CDB24}.Ad-Hoc|Mixed Platforms.Build.0 = Release|Any CPU
		{67F9D3A8-F71E-4428-913F-C37AE82CDB24}.AppStore|Any CPU.ActiveCfg = Release|Any CPU
		{67F9D3A8-F71E-4428-913F-C37AE82CDB24}.AppStore|Any CPU.Build.0 = Release|Any CPU
		{67F9D3A8-F71E-4428-913F-C37AE82CDB24}.AppStore|iPhone.ActiveCfg = Release|Any CPU
		{67F9D3A8-F71E-4428-913F-C37AE82CDB24}.AppStore|iPhoneSimulator.ActiveCfg = Release|Any CPU
		{67F9D3A8-F71E-4428-913F-C37AE82CDB24}.AppStore|Mixed Platforms.ActiveCfg = Release|Any CPU
		{67F9D3A8-F71E-4428-913F-C37AE82CDB24}.AppStore|Mixed Platforms.Build.0 = Release|Any CPU
		{67F9D3A8-F71E-4428-913F-C37AE82CDB24}.Debug|Any CPU.ActiveCfg = Debug|Any CPU
		{67F9D3A8-F71E-4428-913F-C37AE82CDB24}.Debug|Any CPU.Build.0 = Debug|Any CPU
		{67F9D3A8-F71E-4428-913F-C37AE82CDB24}.Debug|iPhone.ActiveCfg = Debug|Any CPU
		{67F9D3A8-F71E-4428-913F-C37AE82CDB24}.Debug|iPhoneSimulator.ActiveCfg = Debug|Any CPU
		{67F9D3A8-F71E-4428-913F-C37AE82CDB24}.Debug|Mixed Platforms.ActiveCfg = Debug|Any CPU
		{67F9D3A8-F71E-4428-913F-C37AE82CDB24}.Debug|Mixed Platforms.Build.0 = Debug|Any CPU
		{67F9D3A8-F71E-4428-913F-C37AE82CDB24}.Release|Any CPU.ActiveCfg = Release|Any CPU
		{67F9D3A8-F71E-4428-913F-C37AE82CDB24}.Release|Any CPU.Build.0 = Release|Any CPU
		{67F9D3A8-F71E-4428-913F-C37AE82CDB24}.Release|iPhone.ActiveCfg = Release|Any CPU
		{67F9D3A8-F71E-4428-913F-C37AE82CDB24}.Release|iPhoneSimulator.ActiveCfg = Release|Any CPU
		{67F9D3A8-F71E-4428-913F-C37AE82CDB24}.Release|Mixed Platforms.ActiveCfg = Release|Any CPU
		{67F9D3A8-F71E-4428-913F-C37AE82CDB24}.Release|Mixed Platforms.Build.0 = Release|Any CPU
		{36EBDDC3-0977-4232-9689-AC6D89AAC402}.Ad-Hoc|Any CPU.ActiveCfg = Release|Any CPU
		{36EBDDC3-0977-4232-9689-AC6D89AAC402}.Ad-Hoc|Any CPU.Build.0 = Release|Any CPU
		{36EBDDC3-0977-4232-9689-AC6D89AAC402}.Ad-Hoc|iPhone.ActiveCfg = Release|Any CPU
		{36EBDDC3-0977-4232-9689-AC6D89AAC402}.Ad-Hoc|iPhone.Build.0 = Release|Any CPU
		{36EBDDC3-0977-4232-9689-AC6D89AAC402}.Ad-Hoc|iPhoneSimulator.ActiveCfg = Release|Any CPU
		{36EBDDC3-0977-4232-9689-AC6D89AAC402}.Ad-Hoc|iPhoneSimulator.Build.0 = Release|Any CPU
		{36EBDDC3-0977-4232-9689-AC6D89AAC402}.Ad-Hoc|Mixed Platforms.ActiveCfg = Release|Any CPU
		{36EBDDC3-0977-4232-9689-AC6D89AAC402}.Ad-Hoc|Mixed Platforms.Build.0 = Release|Any CPU
		{36EBDDC3-0977-4232-9689-AC6D89AAC402}.AppStore|Any CPU.ActiveCfg = Release|Any CPU
		{36EBDDC3-0977-4232-9689-AC6D89AAC402}.AppStore|Any CPU.Build.0 = Release|Any CPU
		{36EBDDC3-0977-4232-9689-AC6D89AAC402}.AppStore|iPhone.ActiveCfg = Release|Any CPU
		{36EBDDC3-0977-4232-9689-AC6D89AAC402}.AppStore|iPhone.Build.0 = Release|Any CPU
		{36EBDDC3-0977-4232-9689-AC6D89AAC402}.AppStore|iPhoneSimulator.ActiveCfg = Release|Any CPU
		{36EBDDC3-0977-4232-9689-AC6D89AAC402}.AppStore|iPhoneSimulator.Build.0 = Release|Any CPU
		{36EBDDC3-0977-4232-9689-AC6D89AAC402}.AppStore|Mixed Platforms.ActiveCfg = Release|Any CPU
		{36EBDDC3-0977-4232-9689-AC6D89AAC402}.AppStore|Mixed Platforms.Build.0 = Release|Any CPU
		{36EBDDC3-0977-4232-9689-AC6D89AAC402}.Debug|Any CPU.ActiveCfg = Debug|Any CPU
		{36EBDDC3-0977-4232-9689-AC6D89AAC402}.Debug|Any CPU.Build.0 = Debug|Any CPU
		{36EBDDC3-0977-4232-9689-AC6D89AAC402}.Debug|iPhone.ActiveCfg = Debug|Any CPU
		{36EBDDC3-0977-4232-9689-AC6D89AAC402}.Debug|iPhone.Build.0 = Debug|Any CPU
		{36EBDDC3-0977-4232-9689-AC6D89AAC402}.Debug|iPhoneSimulator.ActiveCfg = Debug|Any CPU
		{36EBDDC3-0977-4232-9689-AC6D89AAC402}.Debug|iPhoneSimulator.Build.0 = Debug|Any CPU
		{36EBDDC3-0977-4232-9689-AC6D89AAC402}.Debug|Mixed Platforms.ActiveCfg = Debug|Any CPU
		{36EBDDC3-0977-4232-9689-AC6D89AAC402}.Debug|Mixed Platforms.Build.0 = Debug|Any CPU
		{36EBDDC3-0977-4232-9689-AC6D89AAC402}.Release|Any CPU.ActiveCfg = Release|Any CPU
		{36EBDDC3-0977-4232-9689-AC6D89AAC402}.Release|Any CPU.Build.0 = Release|Any CPU
		{36EBDDC3-0977-4232-9689-AC6D89AAC402}.Release|iPhone.ActiveCfg = Release|Any CPU
		{36EBDDC3-0977-4232-9689-AC6D89AAC402}.Release|iPhone.Build.0 = Release|Any CPU
		{36EBDDC3-0977-4232-9689-AC6D89AAC402}.Release|iPhoneSimulator.ActiveCfg = Release|Any CPU
		{36EBDDC3-0977-4232-9689-AC6D89AAC402}.Release|iPhoneSimulator.Build.0 = Release|Any CPU
		{36EBDDC3-0977-4232-9689-AC6D89AAC402}.Release|Mixed Platforms.ActiveCfg = Release|Any CPU
		{36EBDDC3-0977-4232-9689-AC6D89AAC402}.Release|Mixed Platforms.Build.0 = Release|Any CPU
		{37F82430-4153-44F8-A90B-51E370DDDDC5}.Ad-Hoc|Any CPU.ActiveCfg = Release|Any CPU
		{37F82430-4153-44F8-A90B-51E370DDDDC5}.Ad-Hoc|Any CPU.Build.0 = Release|Any CPU
		{37F82430-4153-44F8-A90B-51E370DDDDC5}.Ad-Hoc|iPhone.ActiveCfg = Release|Any CPU
		{37F82430-4153-44F8-A90B-51E370DDDDC5}.Ad-Hoc|iPhone.Build.0 = Release|Any CPU
		{37F82430-4153-44F8-A90B-51E370DDDDC5}.Ad-Hoc|iPhoneSimulator.ActiveCfg = Release|Any CPU
		{37F82430-4153-44F8-A90B-51E370DDDDC5}.Ad-Hoc|iPhoneSimulator.Build.0 = Release|Any CPU
		{37F82430-4153-44F8-A90B-51E370DDDDC5}.Ad-Hoc|Mixed Platforms.ActiveCfg = Release|Any CPU
		{37F82430-4153-44F8-A90B-51E370DDDDC5}.Ad-Hoc|Mixed Platforms.Build.0 = Release|Any CPU
		{37F82430-4153-44F8-A90B-51E370DDDDC5}.AppStore|Any CPU.ActiveCfg = Release|Any CPU
		{37F82430-4153-44F8-A90B-51E370DDDDC5}.AppStore|Any CPU.Build.0 = Release|Any CPU
		{37F82430-4153-44F8-A90B-51E370DDDDC5}.AppStore|iPhone.ActiveCfg = Release|Any CPU
		{37F82430-4153-44F8-A90B-51E370DDDDC5}.AppStore|iPhone.Build.0 = Release|Any CPU
		{37F82430-4153-44F8-A90B-51E370DDDDC5}.AppStore|iPhoneSimulator.ActiveCfg = Release|Any CPU
		{37F82430-4153-44F8-A90B-51E370DDDDC5}.AppStore|iPhoneSimulator.Build.0 = Release|Any CPU
		{37F82430-4153-44F8-A90B-51E370DDDDC5}.AppStore|Mixed Platforms.ActiveCfg = Release|Any CPU
		{37F82430-4153-44F8-A90B-51E370DDDDC5}.AppStore|Mixed Platforms.Build.0 = Release|Any CPU
		{37F82430-4153-44F8-A90B-51E370DDDDC5}.Debug|Any CPU.ActiveCfg = Debug|Any CPU
		{37F82430-4153-44F8-A90B-51E370DDDDC5}.Debug|Any CPU.Build.0 = Debug|Any CPU
		{37F82430-4153-44F8-A90B-51E370DDDDC5}.Debug|iPhone.ActiveCfg = Debug|Any CPU
		{37F82430-4153-44F8-A90B-51E370DDDDC5}.Debug|iPhone.Build.0 = Debug|Any CPU
		{37F82430-4153-44F8-A90B-51E370DDDDC5}.Debug|iPhoneSimulator.ActiveCfg = Debug|Any CPU
		{37F82430-4153-44F8-A90B-51E370DDDDC5}.Debug|iPhoneSimulator.Build.0 = Debug|Any CPU
		{37F82430-4153-44F8-A90B-51E370DDDDC5}.Debug|Mixed Platforms.ActiveCfg = Debug|Any CPU
		{37F82430-4153-44F8-A90B-51E370DDDDC5}.Debug|Mixed Platforms.Build.0 = Debug|Any CPU
		{37F82430-4153-44F8-A90B-51E370DDDDC5}.Release|Any CPU.ActiveCfg = Release|Any CPU
		{37F82430-4153-44F8-A90B-51E370DDDDC5}.Release|Any CPU.Build.0 = Release|Any CPU
		{37F82430-4153-44F8-A90B-51E370DDDDC5}.Release|iPhone.ActiveCfg = Release|Any CPU
		{37F82430-4153-44F8-A90B-51E370DDDDC5}.Release|iPhone.Build.0 = Release|Any CPU
		{37F82430-4153-44F8-A90B-51E370DDDDC5}.Release|iPhoneSimulator.ActiveCfg = Release|Any CPU
		{37F82430-4153-44F8-A90B-51E370DDDDC5}.Release|iPhoneSimulator.Build.0 = Release|Any CPU
		{37F82430-4153-44F8-A90B-51E370DDDDC5}.Release|Mixed Platforms.ActiveCfg = Release|Any CPU
		{37F82430-4153-44F8-A90B-51E370DDDDC5}.Release|Mixed Platforms.Build.0 = Release|Any CPU
	EndGlobalSection
	GlobalSection(SolutionProperties) = preSolution
		HideSolutionNode = FALSE
	EndGlobalSection
	GlobalSection(NestedProjects) = preSolution
		{B845FB3C-7ED4-4F9A-A982-5024410B23CD} = {E38DC4DE-549C-4DDD-A7CD-2D1041E8F4A1}
		{C96DC89D-278B-4D9C-9D94-6067CD158BFE} = {E38DC4DE-549C-4DDD-A7CD-2D1041E8F4A1}
		{5F57C7CA-694E-4A92-94C2-EB6BA556C7C7} = {8F6B4D69-D6CE-403C-9F61-EF936A3E9535}
		{DF94A61E-F773-439B-86D9-CC403FC5E1A2} = {CB513A86-1BCF-4AEE-83CA-EE14B8780A42}
		{35D76B41-D52E-4CC6-9D94-03E0FBED3531} = {6C54A361-CACE-498B-96EC-322C38721DEA}
		{F31C0CC0-011C-4BDB-993D-09BDBB652E46} = {E38DC4DE-549C-4DDD-A7CD-2D1041E8F4A1}
		{67F9D3A8-F71E-4428-913F-C37AE82CDB24} = {6C54A361-CACE-498B-96EC-322C38721DEA}
		{36EBDDC3-0977-4232-9689-AC6D89AAC402} = {ED6BD8AE-0203-43E6-91D1-99B370B68741}
		{37F82430-4153-44F8-A90B-51E370DDDDC5} = {ED6BD8AE-0203-43E6-91D1-99B370B68741}
		{F1462334-8EF1-4481-8662-F715879A0AEA} = {47556C0F-C741-4A88-8185-345C673068E2}
		{A58ED6D8-A819-4543-AE01-188A982D8D34} = {47556C0F-C741-4A88-8185-345C673068E2}
	EndGlobalSection
EndGlobal
